
Microsoft Visual Studio Solution File, Format Version 12.00
# Visual Studio Version 17
VisualStudioVersion = 17.7.34202.233
MinimumVisualStudioVersion = 10.0.40219.1
Project("{FAE04EC0-301F-11D3-BF4B-00C04F79EFBC}") = "Task_1", "Task_1\Task_1.csproj", "{C55543D7-93A8-4A87-8B19-C2110D643951}"
EndProject
Project("{FAE04EC0-301F-11D3-BF4B-00C04F79EFBC}") = "Task_2", "Task_2\Task_2.csproj", "{ACE2A020-8BA9-4600-9E60-30EED563DAC3}"
EndProject
Project("{FAE04EC0-301F-11D3-BF4B-00C04F79EFBC}") = "Task_3", "Task_3\Task_3.csproj", "{207CAAF5-F84B-4E93-A927-81DD0C8CE93F}"
EndProject
Global
	GlobalSection(SolutionConfigurationPlatforms) = preSolution
		Debug|Any CPU = Debug|Any CPU
		Release|Any CPU = Release|Any CPU
	EndGlobalSection
	GlobalSection(ProjectConfigurationPlatforms) = postSolution
		{C55543D7-93A8-4A87-8B19-C2110D643951}.Debug|Any CPU.ActiveCfg = Debug|Any CPU
		{C55543D7-93A8-4A87-8B19-C2110D643951}.Debug|Any CPU.Build.0 = Debug|Any CPU
		{C55543D7-93A8-4A87-8B19-C2110D643951}.Release|Any CPU.ActiveCfg = Release|Any CPU
		{C55543D7-93A8-4A87-8B19-C2110D643951}.Release|Any CPU.Build.0 = Release|Any CPU
		{ACE2A020-8BA9-4600-9E60-30EED563DAC3}.Debug|Any CPU.ActiveCfg = Debug|Any CPU
		{ACE2A020-8BA9-4600-9E60-30EED563DAC3}.Debug|Any CPU.Build.0 = Debug|Any CPU
		{ACE2A020-8BA9-4600-9E60-30EED563DAC3}.Release|Any CPU.ActiveCfg = Release|Any CPU
		{ACE2A020-8BA9-4600-9E60-30EED563DAC3}.Release|Any CPU.Build.0 = Release|Any CPU
		{207CAAF5-F84B-4E93-A927-81DD0C8CE93F}.Debug|Any CPU.ActiveCfg = Debug|Any CPU
		{207CAAF5-F84B-4E93-A927-81DD0C8CE93F}.Debug|Any CPU.Build.0 = Debug|Any CPU
		{207CAAF5-F84B-4E93-A927-81DD0C8CE93F}.Release|Any CPU.ActiveCfg = Release|Any CPU
		{207CAAF5-F84B-4E93-A927-81DD0C8CE93F}.Release|Any CPU.Build.0 = Release|Any CPU
	EndGlobalSection
	GlobalSection(SolutionProperties) = preSolution
		HideSolutionNode = FALSE
	EndGlobalSection
	GlobalSection(ExtensibilityGlobals) = postSolution
		SolutionGuid = {D88FF186-34B6-4F8A-8328-D24EEBDDBD00}
	EndGlobalSection
EndGlobal
